
Microsoft Visual Studio Solution File, Format Version 12.00
# Visual Studio Version 17
VisualStudioVersion = 17.5.002.0
MinimumVisualStudioVersion = 10.0.40219.1
Project("{9A19103F-16F7-4668-BE54-9A1E7A4F7556}") = "Exo.WebApi", "Exo.WebApi.csproj", "{F3AF7C0E-8EB4-4215-BB07-AE4F34E70AAF}"
EndProject
Global
	GlobalSection(SolutionConfigurationPlatforms) = preSolution
		Debug|Any CPU = Debug|Any CPU
		Release|Any CPU = Release|Any CPU
	EndGlobalSection
	GlobalSection(ProjectConfigurationPlatforms) = postSolution
		{F3AF7C0E-8EB4-4215-BB07-AE4F34E70AAF}.Debug|Any CPU.ActiveCfg = Debug|Any CPU
		{F3AF7C0E-8EB4-4215-BB07-AE4F34E70AAF}.Debug|Any CPU.Build.0 = Debug|Any CPU
		{F3AF7C0E-8EB4-4215-BB07-AE4F34E70AAF}.Release|Any CPU.ActiveCfg = Release|Any CPU
		{F3AF7C0E-8EB4-4215-BB07-AE4F34E70AAF}.Release|Any CPU.Build.0 = Release|Any CPU
	EndGlobalSection
	GlobalSection(SolutionProperties) = preSolution
		HideSolutionNode = FALSE
	EndGlobalSection
	GlobalSection(ExtensibilityGlobals) = postSolution
		SolutionGuid = {4DC6D7AC-8202-4CC8-98F2-A9304F2138FC}
	EndGlobalSection
EndGlobal
